{
  "name": "line-counter",
  "version": "1.0.0",
  "lockfileVersion": 1,
  "requires": true,
  "dependencies": {
    "ignore": {
      "version": "3.3.7",
      "resolved": "https://registry.npmjs.org/ignore/-/ignore-3.3.7.tgz",
      "integrity": "sha512-YGG3ejvBNHRqu0559EOxxNFihD0AjpvHlC/pdGKd3X3ofe+CoJkYazwNJYTNebqpPKN+VVQbh4ZFn1DivMNuHA=="
    },
    "printf": {
      "version": "0.2.5",
      "resolved": "https://registry.npmjs.org/printf/-/printf-0.2.5.tgz",
      "integrity": "sha1-xDjKLKM+OSdnHbSracDlL5NqTw8="
    }
  }
}
